
Microsoft Visual Studio Solution File, Format Version 12.00
# Visual Studio 15
VisualStudioVersion = 15.0.27004.2002
MinimumVisualStudioVersion = 10.0.40219.1
Project("{8BC9CEB8-8B4A-11D0-8D11-00A0C91BC942}") = "VisualBoyExtractor", "VisualBoyExtractor\VisualBoyExtractor.vcxproj", "{14CA81E0-F86D-4967-94BC-B30A2F1BE3D5}"
EndProject
Global
	GlobalSection(SolutionConfigurationPlatforms) = preSolution
		Debug|x64 = Debug|x64
		Debug|x86 = Debug|x86
		Release|x64 = Release|x64
		Release|x86 = Release|x86
	EndGlobalSection
	GlobalSection(ProjectConfigurationPlatforms) = postSolution
		{14CA81E0-F86D-4967-94BC-B30A2F1BE3D5}.Debug|x64.ActiveCfg = Debug|x64
		{14CA81E0-F86D-4967-94BC-B30A2F1BE3D5}.Debug|x64.Build.0 = Debug|x64
		{14CA81E0-F86D-4967-94BC-B30A2F1BE3D5}.Debug|x86.ActiveCfg = Debug|Win32
		{14CA81E0-F86D-4967-94BC-B30A2F1BE3D5}.Debug|x86.Build.0 = Debug|Win32
		{14CA81E0-F86D-4967-94BC-B30A2F1BE3D5}.Release|x64.ActiveCfg = Release|x64
		{14CA81E0-F86D-4967-94BC-B30A2F1BE3D5}.Release|x64.Build.0 = Release|x64
		{14CA81E0-F86D-4967-94BC-B30A2F1BE3D5}.Release|x86.ActiveCfg = Release|Win32
		{14CA81E0-F86D-4967-94BC-B30A2F1BE3D5}.Release|x86.Build.0 = Release|Win32
	EndGlobalSection
	GlobalSection(SolutionProperties) = preSolution
		HideSolutionNode = FALSE
	EndGlobalSection
	GlobalSection(ExtensibilityGlobals) = postSolution
		SolutionGuid = {B6282EB1-4C60-4DA0-8D20-797A7EEDE1BF}
	EndGlobalSection
EndGlobal
